
Microsoft Visual Studio Solution File, Format Version 12.00
# Visual Studio Version 16
VisualStudioVersion = 16.0.29001.49
MinimumVisualStudioVersion = 10.0.40219.1
Project("{8BC9CEB8-8B4A-11D0-8D11-00A0C91BC942}") = "CPSC259_Lab1_Takehome-vs2019", "CPSC259_Lab1_Takehome-vs2019\CPSC259_Lab1_Takehome-vs2019.vcxproj", "{2D4BC52B-28CE-4BA7-AD82-214943E03D5F}"
EndProject
Project("{8BC9CEB8-8B4A-11D0-8D11-00A0C91BC942}") = "CPSC259_Lab1_Takehome_UnitTests-vs2019", "CPSC259_Lab1_Takehome_UnitTests-vs2019\CPSC259_Lab1_Takehome_UnitTests-vs2019.vcxproj", "{01AF18A9-473E-4240-B2B0-331BAA9CF169}"
EndProject
Global
	GlobalSection(SolutionConfigurationPlatforms) = preSolution
		Debug|x64 = Debug|x64
		Debug|x86 = Debug|x86
		Release|x64 = Release|x64
		Release|x86 = Release|x86
	EndGlobalSection
	GlobalSection(ProjectConfigurationPlatforms) = postSolution
		{2D4BC52B-28CE-4BA7-AD82-214943E03D5F}.Debug|x64.ActiveCfg = Debug|x64
		{2D4BC52B-28CE-4BA7-AD82-214943E03D5F}.Debug|x64.Build.0 = Debug|x64
		{2D4BC52B-28CE-4BA7-AD82-214943E03D5F}.Debug|x86.ActiveCfg = Debug|Win32
		{2D4BC52B-28CE-4BA7-AD82-214943E03D5F}.Debug|x86.Build.0 = Debug|Win32
		{2D4BC52B-28CE-4BA7-AD82-214943E03D5F}.Release|x64.ActiveCfg = Release|x64
		{2D4BC52B-28CE-4BA7-AD82-214943E03D5F}.Release|x64.Build.0 = Release|x64
		{2D4BC52B-28CE-4BA7-AD82-214943E03D5F}.Release|x86.ActiveCfg = Release|Win32
		{2D4BC52B-28CE-4BA7-AD82-214943E03D5F}.Release|x86.Build.0 = Release|Win32
		{01AF18A9-473E-4240-B2B0-331BAA9CF169}.Debug|x64.ActiveCfg = Debug|x64
		{01AF18A9-473E-4240-B2B0-331BAA9CF169}.Debug|x64.Build.0 = Debug|x64
		{01AF18A9-473E-4240-B2B0-331BAA9CF169}.Debug|x86.ActiveCfg = Debug|Win32
		{01AF18A9-473E-4240-B2B0-331BAA9CF169}.Debug|x86.Build.0 = Debug|Win32
		{01AF18A9-473E-4240-B2B0-331BAA9CF169}.Release|x64.ActiveCfg = Release|x64
		{01AF18A9-473E-4240-B2B0-331BAA9CF169}.Release|x64.Build.0 = Release|x64
		{01AF18A9-473E-4240-B2B0-331BAA9CF169}.Release|x86.ActiveCfg = Release|Win32
		{01AF18A9-473E-4240-B2B0-331BAA9CF169}.Release|x86.Build.0 = Release|Win32
	EndGlobalSection
	GlobalSection(SolutionProperties) = preSolution
		HideSolutionNode = FALSE
	EndGlobalSection
	GlobalSection(ExtensibilityGlobals) = postSolution
		SolutionGuid = {F6EA7E34-F3C7-4771-B1F5-F554A09C5439}
	EndGlobalSection
EndGlobal
