
Microsoft Visual Studio Solution File, Format Version 12.00
# Visual Studio Version 16
VisualStudioVersion = 16.0.29806.167
MinimumVisualStudioVersion = 10.0.40219.1
Project("{8BC9CEB8-8B4A-11D0-8D11-00A0C91BC942}") = "CPSC259_Lab2_InLabExercises", "CPSC259_Lab2_InLabExercises\CPSC259_Lab2_InLabExercises.vcxproj", "{068ACCC7-A2CD-469A-8A79-4A38C24C5F61}"
EndProject
Project("{8BC9CEB8-8B4A-11D0-8D11-00A0C91BC942}") = "CPSC259_Lab2_UnitTests", "CPSC259_Lab2_UnitTests\CPSC259_Lab2_UnitTests.vcxproj", "{CE882140-5FE9-4773-A7E6-00384705AE82}"
EndProject
Global
	GlobalSection(SolutionConfigurationPlatforms) = preSolution
		Debug|x64 = Debug|x64
		Debug|x86 = Debug|x86
		Release|x64 = Release|x64
		Release|x86 = Release|x86
	EndGlobalSection
	GlobalSection(ProjectConfigurationPlatforms) = postSolution
		{068ACCC7-A2CD-469A-8A79-4A38C24C5F61}.Debug|x64.ActiveCfg = Debug|x64
		{068ACCC7-A2CD-469A-8A79-4A38C24C5F61}.Debug|x64.Build.0 = Debug|x64
		{068ACCC7-A2CD-469A-8A79-4A38C24C5F61}.Debug|x86.ActiveCfg = Debug|Win32
		{068ACCC7-A2CD-469A-8A79-4A38C24C5F61}.Debug|x86.Build.0 = Debug|Win32
		{068ACCC7-A2CD-469A-8A79-4A38C24C5F61}.Release|x64.ActiveCfg = Release|x64
		{068ACCC7-A2CD-469A-8A79-4A38C24C5F61}.Release|x64.Build.0 = Release|x64
		{068ACCC7-A2CD-469A-8A79-4A38C24C5F61}.Release|x86.ActiveCfg = Release|Win32
		{068ACCC7-A2CD-469A-8A79-4A38C24C5F61}.Release|x86.Build.0 = Release|Win32
		{CE882140-5FE9-4773-A7E6-00384705AE82}.Debug|x64.ActiveCfg = Debug|x64
		{CE882140-5FE9-4773-A7E6-00384705AE82}.Debug|x64.Build.0 = Debug|x64
		{CE882140-5FE9-4773-A7E6-00384705AE82}.Debug|x86.ActiveCfg = Debug|Win32
		{CE882140-5FE9-4773-A7E6-00384705AE82}.Debug|x86.Build.0 = Debug|Win32
		{CE882140-5FE9-4773-A7E6-00384705AE82}.Release|x64.ActiveCfg = Release|x64
		{CE882140-5FE9-4773-A7E6-00384705AE82}.Release|x64.Build.0 = Release|x64
		{CE882140-5FE9-4773-A7E6-00384705AE82}.Release|x86.ActiveCfg = Release|Win32
		{CE882140-5FE9-4773-A7E6-00384705AE82}.Release|x86.Build.0 = Release|Win32
	EndGlobalSection
	GlobalSection(SolutionProperties) = preSolution
		HideSolutionNode = FALSE
	EndGlobalSection
	GlobalSection(ExtensibilityGlobals) = postSolution
		SolutionGuid = {99063364-A027-4AEA-B73F-C5C0A6CF5868}
	EndGlobalSection
EndGlobal
